// !$*UTF8*$!
{
	archiveVersion = 1;
	classes = {
	};
	objectVersion = 56;
	objects = {

/* Begin PBXBuildFile section */
		17EC521729AB39EC00B26B99 /* Animating_CirclesApp.swift in Sources */ = {isa = PBXBuildFile; fileRef = 17EC521629AB39EC00B26B99 /* Animating_CirclesApp.swift */; };
		17EC521929AB39EC00B26B99 /* ContentView.swift in Sources */ = {isa = PBXBuildFile; fileRef = 17EC521829AB39EC00B26B99 /* ContentView.swift */; };
		17EC521B29AB39EE00B26B99 /* Assets.xcassets in Resources */ = {isa = PBXBuildFile; fileRef = 17EC521A29AB39EE00B26B99 /* Assets.xcassets */; };
		17EC521F29AB39EE00B26B99 /* Preview Assets.xcassets in Resources */ = {isa = PBXBuildFile; fileRef = 17EC521E29AB39EE00B26B99 /* Preview Assets.xcassets */; };
		17EC522929AB39EF00B26B99 /* Animating_CirclesTests.swift in Sources */ = {isa = PBXBuildFile; fileRef = 17EC522829AB39EF00B26B99 /* Animating_CirclesTests.swift */; };
		17EC523329AB39EF00B26B99 /* Animating_CirclesUITests.swift in Sources */ = {isa = PBXBuildFile; fileRef = 17EC523229AB39EF00B26B99 /* Animating_CirclesUITests.swift */; };
		17EC523529AB39EF00B26B99 /* Animating_CirclesUITestsLaunchTests.swift in Sources */ = {isa = PBXBuildFile; fileRef = 17EC523429AB39EF00B26B99 /* Animating_CirclesUITestsLaunchTests.swift */; };
/* End PBXBuildFile section */

/* Begin PBXContainerItemProxy section */
		17EC522529AB39EF00B26B99 /* PBXContainerItemProxy */ = {
			isa = PBXContainerItemProxy;
			containerPortal = 17EC520B29AB39EB00B26B99 /* Project object */;
			proxyType = 1;
			remoteGlobalIDString = 17EC521229AB39EB00B26B99;
			remoteInfo = "Animating Circles";
		};
		17EC522F29AB39EF00B26B99 /* PBXContainerItemProxy */ = {
			isa = PBXContainerItemProxy;
			containerPortal = 17EC520B29AB39EB00B26B99 /* Project object */;
			proxyType = 1;
			remoteGlobalIDString = 17EC521229AB39EB00B26B99;
			remoteInfo = "Animating Circles";
		};
/* End PBXContainerItemProxy section */

/* Begin PBXFileReference section */
		17EC521329AB39EB00B26B99 /* Animating Circles.app */ = {isa = PBXFileReference; explicitFileType = wrapper.application; includeInIndex = 0; path = "Animating Circles.app"; sourceTree = BUILT_PRODUCTS_DIR; };
		17EC521629AB39EC00B26B99 /* Animating_CirclesApp.swift */ = {isa = PBXFileReference; lastKnownFileType = sourcecode.swift; path = Animating_CirclesApp.swift; sourceTree = "<group>"; };
		17EC521829AB39EC00B26B99 /* ContentView.swift */ = {isa = PBXFileReference; lastKnownFileType = sourcecode.swift; path = ContentView.swift; sourceTree = "<group>"; };
		17EC521A29AB39EE00B26B99 /* Assets.xcassets */ = {isa = PBXFileReference; lastKnownFileType = folder.assetcatalog; path = Assets.xcassets; sourceTree = "<group>"; };
		17EC521C29AB39EE00B26B99 /* Animating_Circles.entitlements */ = {isa = PBXFileReference; lastKnownFileType = text.plist.entitlements; path = Animating_Circles.entitlements; sourceTree = "<group>"; };
		17EC521E29AB39EE00B26B99 /* Preview Assets.xcassets */ = {isa = PBXFileReference; lastKnownFileType = folder.assetcatalog; path = "Preview Assets.xcassets"; sourceTree = "<group>"; };
		17EC522429AB39EF00B26B99 /* Animating CirclesTests.xctest */ = {isa = PBXFileReference; explicitFileType = wrapper.cfbundle; includeInIndex = 0; path = "Animating CirclesTests.xctest"; sourceTree = BUILT_PRODUCTS_DIR; };
		17EC522829AB39EF00B26B99 /* Animating_CirclesTests.swift */ = {isa = PBXFileReference; lastKnownFileType = sourcecode.swift; path = Animating_CirclesTests.swift; sourceTree = "<group>"; };
		17EC522E29AB39EF00B26B99 /* Animating CirclesUITests.xctest */ = {isa = PBXFileReference; explicitFileType = wrapper.cfbundle; includeInIndex = 0; path = "Animating CirclesUITests.xctest"; sourceTree = BUILT_PRODUCTS_DIR; };
		17EC523229AB39EF00B26B99 /* Animating_CirclesUITests.swift */ = {isa = PBXFileReference; lastKnownFileType = sourcecode.swift; path = Animating_CirclesUITests.swift; sourceTree = "<group>"; };
		17EC523429AB39EF00B26B99 /* Animating_CirclesUITestsLaunchTests.swift */ = {isa = PBXFileReference; lastKnownFileType = sourcecode.swift; path = Animating_CirclesUITestsLaunchTests.swift; sourceTree = "<group>"; };
/* End PBXFileReference section */

/* Begin PBXFrameworksBuildPhase section */
		17EC521029AB39EB00B26B99 /* Frameworks */ = {
			isa = PBXFrameworksBuildPhase;
			buildActionMask = 2147483647;
			files = (
			);
			runOnlyForDeploymentPostprocessing = 0;
		};
		17EC522129AB39EF00B26B99 /* Frameworks */ = {
			isa = PBXFrameworksBuildPhase;
			buildActionMask = 2147483647;
			files = (
			);
			runOnlyForDeploymentPostprocessing = 0;
		};
		17EC522B29AB39EF00B26B99 /* Frameworks */ = {
			isa = PBXFrameworksBuildPhase;
			buildActionMask = 2147483647;
			files = (
			);
			runOnlyForDeploymentPostprocessing = 0;
		};
/* End PBXFrameworksBuildPhase section */

/* Begin PBXGroup section */
		17EC520A29AB39EB00B26B99 = {
			isa = PBXGroup;
			children = (
				17EC521529AB39EB00B26B99 /* Animating Circles */,
				17EC522729AB39EF00B26B99 /* Animating CirclesTests */,
				17EC523129AB39EF00B26B99 /* Animating CirclesUITests */,
				17EC521429AB39EB00B26B99 /* Products */,
			);
			sourceTree = "<group>";
		};
		17EC521429AB39EB00B26B99 /* Products */ = {
			isa = PBXGroup;
			children = (
				17EC521329AB39EB00B26B99 /* Animating Circles.app */,
				17EC522429AB39EF00B26B99 /* Animating CirclesTests.xctest */,
				17EC522E29AB39EF00B26B99 /* Animating CirclesUITests.xctest */,
			);
			name = Products;
			sourceTree = "<group>";
		};
		17EC521529AB39EB00B26B99 /* Animating Circles */ = {
			isa = PBXGroup;
			children = (
				17EC521629AB39EC00B26B99 /* Animating_CirclesApp.swift */,
				17EC521829AB39EC00B26B99 /* ContentView.swift */,
				17EC521A29AB39EE00B26B99 /* Assets.xcassets */,
				17EC521C29AB39EE00B26B99 /* Animating_Circles.entitlements */,
				17EC521D29AB39EE00B26B99 /* Preview Content */,
			);
			path = "Animating Circles";
			sourceTree = "<group>";
		};
		17EC521D29AB39EE00B26B99 /* Preview Content */ = {
			isa = PBXGroup;
			children = (
				17EC521E29AB39EE00B26B99 /* Preview Assets.xcassets */,
			);
			path = "Preview Content";
			sourceTree = "<group>";
		};
		17EC522729AB39EF00B26B99 /* Animating CirclesTests */ = {
			isa = PBXGroup;
			children = (
				17EC522829AB39EF00B26B99 /* Animating_CirclesTests.swift */,
			);
			path = "Animating CirclesTests";
			sourceTree = "<group>";
		};
		17EC523129AB39EF00B26B99 /* Animating CirclesUITests */ = {
			isa = PBXGroup;
			children = (
				17EC523229AB39EF00B26B99 /* Animating_CirclesUITests.swift */,
				17EC523429AB39EF00B26B99 /* Animating_CirclesUITestsLaunchTests.swift */,
			);
			path = "Animating CirclesUITests";
			sourceTree = "<group>";
		};
/* End PBXGroup section */

/* Begin PBXNativeTarget section */
		17EC521229AB39EB00B26B99 /* Animating Circles */ = {
			isa = PBXNativeTarget;
			buildConfigurationList = 17EC523829AB39EF00B26B99 /* Build configuration list for PBXNativeTarget "Animating Circles" */;
			buildPhases = (
				17EC520F29AB39EB00B26B99 /* Sources */,
				17EC521029AB39EB00B26B99 /* Frameworks */,
				17EC521129AB39EB00B26B99 /* Resources */,
			);
			buildRules = (
			);
			dependencies = (
			);
			name = "Animating Circles";
			productName = "Animating Circles";
			productReference = 17EC521329AB39EB00B26B99 /* Animating Circles.app */;
			productType = "com.apple.product-type.application";
		};
		17EC522329AB39EF00B26B99 /* Animating CirclesTests */ = {
			isa = PBXNativeTarget;
			buildConfigurationList = 17EC523B29AB39EF00B26B99 /* Build configuration list for PBXNativeTarget "Animating CirclesTests" */;
			buildPhases = (
				17EC522029AB39EF00B26B99 /* Sources */,
				17EC522129AB39EF00B26B99 /* Frameworks */,
				17EC522229AB39EF00B26B99 /* Resources */,
			);
			buildRules = (
			);
			dependencies = (
				17EC522629AB39EF00B26B99 /* PBXTargetDependency */,
			);
			name = "Animating CirclesTests";
			productName = "Animating CirclesTests";
			productReference = 17EC522429AB39EF00B26B99 /* Animating CirclesTests.xctest */;
			productType = "com.apple.product-type.bundle.unit-test";
		};
		17EC522D29AB39EF00B26B99 /* Animating CirclesUITests */ = {
			isa = PBXNativeTarget;
			buildConfigurationList = 17EC523E29AB39EF00B26B99 /* Build configuration list for PBXNativeTarget "Animating CirclesUITests" */;
			buildPhases = (
				17EC522A29AB39EF00B26B99 /* Sources */,
				17EC522B29AB39EF00B26B99 /* Frameworks */,
				17EC522C29AB39EF00B26B99 /* Resources */,
			);
			buildRules = (
			);
			dependencies = (
				17EC523029AB39EF00B26B99 /* PBXTargetDependency */,
			);
			name = "Animating CirclesUITests";
			productName = "Animating CirclesUITests";
			productReference = 17EC522E29AB39EF00B26B99 /* Animating CirclesUITests.xctest */;
			productType = "com.apple.product-type.bundle.ui-testing";
		};
/* End PBXNativeTarget section */

/* Begin PBXProject section */
		17EC520B29AB39EB00B26B99 /* Project object */ = {
			isa = PBXProject;
			attributes = {
				BuildIndependentTargetsInParallel = 1;
				LastSwiftUpdateCheck = 1420;
				LastUpgradeCheck = 1420;
				TargetAttributes = {
					17EC521229AB39EB00B26B99 = {
						CreatedOnToolsVersion = 14.2;
					};
					17EC522329AB39EF00B26B99 = {
						CreatedOnToolsVersion = 14.2;
						TestTargetID = 17EC521229AB39EB00B26B99;
					};
					17EC522D29AB39EF00B26B99 = {
						CreatedOnToolsVersion = 14.2;
						TestTargetID = 17EC521229AB39EB00B26B99;
					};
				};
			};
			buildConfigurationList = 17EC520E29AB39EB00B26B99 /* Build configuration list for PBXProject "Animating Circles" */;
			compatibilityVersion = "Xcode 14.0";
			developmentRegion = en;
			hasScannedForEncodings = 0;
			knownRegions = (
				en,
				Base,
			);
			mainGroup = 17EC520A29AB39EB00B26B99;
			productRefGroup = 17EC521429AB39EB00B26B99 /* Products */;
			projectDirPath = "";
			projectRoot = "";
			targets = (
				17EC521229AB39EB00B26B99 /* Animating Circles */,
				17EC522329AB39EF00B26B99 /* Animating CirclesTests */,
				17EC522D29AB39EF00B26B99 /* Animating CirclesUITests */,
			);
		};
/* End PBXProject section */

/* Begin PBXResourcesBuildPhase section */
		17EC521129AB39EB00B26B99 /* Resources */ = {
			isa = PBXResourcesBuildPhase;
			buildActionMask = 2147483647;
			files = (
				17EC521F29AB39EE00B26B99 /* Preview Assets.xcassets in Resources */,
				17EC521B29AB39EE00B26B99 /* Assets.xcassets in Resources */,
			);
			runOnlyForDeploymentPostprocessing = 0;
		};
		17EC522229AB39EF00B26B99 /* Resources */ = {
			isa = PBXResourcesBuildPhase;
			buildActionMask = 2147483647;
			files = (
			);
			runOnlyForDeploymentPostprocessing = 0;
		};
		17EC522C29AB39EF00B26B99 /* Resources */ = {
			isa = PBXResourcesBuildPhase;
			buildActionMask = 2147483647;
			files = (
			);
			runOnlyForDeploymentPostprocessing = 0;
		};
/* End PBXResourcesBuildPhase section */

/* Begin PBXSourcesBuildPhase section */
		17EC520F29AB39EB00B26B99 /* Sources */ = {
			isa = PBXSourcesBuildPhase;
			buildActionMask = 2147483647;
			files = (
				17EC521929AB39EC00B26B99 /* ContentView.swift in Sources */,
				17EC521729AB39EC00B26B99 /* Animating_CirclesApp.swift in Sources */,
			);
			runOnlyForDeploymentPostprocessing = 0;
		};
		17EC522029AB39EF00B26B99 /* Sources */ = {
			isa = PBXSourcesBuildPhase;
			buildActionMask = 2147483647;
			files = (
				17EC522929AB39EF00B26B99 /* Animating_CirclesTests.swift in Sources */,
			);
			runOnlyForDeploymentPostprocessing = 0;
		};
		17EC522A29AB39EF00B26B99 /* Sources */ = {
			isa = PBXSourcesBuildPhase;
			buildActionMask = 2147483647;
			files = (
				17EC523329AB39EF00B26B99 /* Animating_CirclesUITests.swift in Sources */,
				17EC523529AB39EF00B26B99 /* Animating_CirclesUITestsLaunchTests.swift in Sources */,
			);
			runOnlyForDeploymentPostprocessing = 0;
		};
/* End PBXSourcesBuildPhase section */

/* Begin PBXTargetDependency section */
		17EC522629AB39EF00B26B99 /* PBXTargetDependency */ = {
			isa = PBXTargetDependency;
			target = 17EC521229AB39EB00B26B99 /* Animating Circles */;
			targetProxy = 17EC522529AB39EF00B26B99 /* PBXContainerItemProxy */;
		};
		17EC523029AB39EF00B26B99 /* PBXTargetDependency */ = {
			isa = PBXTargetDependency;
			target = 17EC521229AB39EB00B26B99 /* Animating Circles */;
			targetProxy = 17EC522F29AB39EF00B26B99 /* PBXContainerItemProxy */;
		};
/* End PBXTargetDependency section */

/* Begin XCBuildConfiguration section */
		17EC523629AB39EF00B26B99 /* Debug */ = {
			isa = XCBuildConfiguration;
			buildSettings = {
				ALWAYS_SEARCH_USER_PATHS = NO;
				CLANG_ANALYZER_NONNULL = YES;
				CLANG_ANALYZER_NUMBER_OBJECT_CONVERSION = YES_AGGRESSIVE;
				CLANG_CXX_LANGUAGE_STANDARD = "gnu++20";
				CLANG_ENABLE_MODULES = YES;
				CLANG_ENABLE_OBJC_ARC = YES;
				CLANG_ENABLE_OBJC_WEAK = YES;
				CLANG_WARN_BLOCK_CAPTURE_AUTORELEASING = YES;
				CLANG_WARN_BOOL_CONVERSION = YES;
				CLANG_WARN_COMMA = YES;
				CLANG_WARN_CONSTANT_CONVERSION = YES;
				CLANG_WARN_DEPRECATED_OBJC_IMPLEMENTATIONS = YES;
				CLANG_WARN_DIRECT_OBJC_ISA_USAGE = YES_ERROR;
				CLANG_WARN_DOCUMENTATION_COMMENTS = YES;
				CLANG_WARN_EMPTY_BODY = YES;
				CLANG_WARN_ENUM_CONVERSION = YES;
				CLANG_WARN_INFINITE_RECURSION = YES;
				CLANG_WARN_INT_CONVERSION = YES;
				CLANG_WARN_NON_LITERAL_NULL_CONVERSION = YES;
				CLANG_WARN_OBJC_IMPLICIT_RETAIN_SELF = YES;
				CLANG_WARN_OBJC_LITERAL_CONVERSION = YES;
				CLANG_WARN_OBJC_ROOT_CLASS = YES_ERROR;
				CLANG_WARN_QUOTED_INCLUDE_IN_FRAMEWORK_HEADER = YES;
				CLANG_WARN_RANGE_LOOP_ANALYSIS = YES;
				CLANG_WARN_STRICT_PROTOTYPES = YES;
				CLANG_WARN_SUSPICIOUS_MOVE = YES;
				CLANG_WARN_UNGUARDED_AVAILABILITY = YES_AGGRESSIVE;
				CLANG_WARN_UNREACHABLE_CODE = YES;
				CLANG_WARN__DUPLICATE_METHOD_MATCH = YES;
				COPY_PHASE_STRIP = NO;
				DEBUG_INFORMATION_FORMAT = dwarf;
				ENABLE_STRICT_OBJC_MSGSEND = YES;
				ENABLE_TESTABILITY = YES;
				GCC_C_LANGUAGE_STANDARD = gnu11;
				GCC_DYNAMIC_NO_PIC = NO;
				GCC_NO_COMMON_BLOCKS = YES;
				GCC_OPTIMIZATION_LEVEL = 0;
				GCC_PREPROCESSOR_DEFINITIONS = (
					"DEBUG=1",
					"$(inherited)",
				);
				GCC_WARN_64_TO_32_BIT_CONVERSION = YES;
				GCC_WARN_ABOUT_RETURN_TYPE = YES_ERROR;
				GCC_WARN_UNDECLARED_SELECTOR = YES;
				GCC_WARN_UNINITIALIZED_AUTOS = YES_AGGRESSIVE;
				GCC_WARN_UNUSED_FUNCTION = YES;
				GCC_WARN_UNUSED_VARIABLE = YES;
				MTL_ENABLE_DEBUG_INFO = INCLUDE_SOURCE;
				MTL_FAST_MATH = YES;
				ONLY_ACTIVE_ARCH = YES;
				SWIFT_ACTIVE_COMPILATION_CONDITIONS = DEBUG;
				SWIFT_OPTIMIZATION_LEVEL = "-Onone";
			};
			name = Debug;
		};
		17EC523729AB39EF00B26B99 /* Release */ = {
			isa = XCBuildConfiguration;
			buildSettings = {
				ALWAYS_SEARCH_USER_PATHS = NO;
				CLANG_ANALYZER_NONNULL = YES;
				CLANG_ANALYZER_NUMBER_OBJECT_CONVERSION = YES_AGGRESSIVE;
				CLANG_CXX_LANGUAGE_STANDARD = "gnu++20";
				CLANG_ENABLE_MODULES = YES;
				CLANG_ENABLE_OBJC_ARC = YES;
				CLANG_ENABLE_OBJC_WEAK = YES;
				CLANG_WARN_BLOCK_CAPTURE_AUTORELEASING = YES;
				CLANG_WARN_BOOL_CONVERSION = YES;
				CLANG_WARN_COMMA = YES;
				CLANG_WARN_CONSTANT_CONVERSION = YES;
				CLANG_WARN_DEPRECATED_OBJC_IMPLEMENTATIONS = YES;
				CLANG_WARN_DIRECT_OBJC_ISA_USAGE = YES_ERROR;
				CLANG_WARN_DOCUMENTATION_COMMENTS = YES;
				CLANG_WARN_EMPTY_BODY = YES;
				CLANG_WARN_ENUM_CONVERSION = YES;
				CLANG_WARN_INFINITE_RECURSION = YES;
				CLANG_WARN_INT_CONVERSION = YES;
				CLANG_WARN_NON_LITERAL_NULL_CONVERSION = YES;
				CLANG_WARN_OBJC_IMPLICIT_RETAIN_SELF = YES;
				CLANG_WARN_OBJC_LITERAL_CONVERSION = YES;
				CLANG_WARN_OBJC_ROOT_CLASS = YES_ERROR;
				CLANG_WARN_QUOTED_INCLUDE_IN_FRAMEWORK_HEADER = YES;
				CLANG_WARN_RANGE_LOOP_ANALYSIS = YES;
				CLANG_WARN_STRICT_PROTOTYPES = YES;
				CLANG_WARN_SUSPICIOUS_MOVE = YES;
				CLANG_WARN_UNGUARDED_AVAILABILITY = YES_AGGRESSIVE;
				CLANG_WARN_UNREACHABLE_CODE = YES;
				CLANG_WARN__DUPLICATE_METHOD_MATCH = YES;
				COPY_PHASE_STRIP = NO;
				DEBUG_INFORMATION_FORMAT = "dwarf-with-dsym";
				ENABLE_NS_ASSERTIONS = NO;
				ENABLE_STRICT_OBJC_MSGSEND = YES;
				GCC_C_LANGUAGE_STANDARD = gnu11;
				GCC_NO_COMMON_BLOCKS = YES;
				GCC_WARN_64_TO_32_BIT_CONVERSION = YES;
				GCC_WARN_ABOUT_RETURN_TYPE = YES_ERROR;
				GCC_WARN_UNDECLARED_SELECTOR = YES;
				GCC_WARN_UNINITIALIZED_AUTOS = YES_AGGRESSIVE;
				GCC_WARN_UNUSED_FUNCTION = YES;
				GCC_WARN_UNUSED_VARIABLE = YES;
				MTL_ENABLE_DEBUG_INFO = NO;
				MTL_FAST_MATH = YES;
				SWIFT_COMPILATION_MODE = wholemodule;
				SWIFT_OPTIMIZATION_LEVEL = "-O";
			};
			name = Release;
		};
		17EC523929AB39EF00B26B99 /* Debug */ = {
			isa = XCBuildConfiguration;
			buildSettings = {
				ASSETCATALOG_COMPILER_APPICON_NAME = AppIcon;
				ASSETCATALOG_COMPILER_GLOBAL_ACCENT_COLOR_NAME = AccentColor;
				CODE_SIGN_ENTITLEMENTS = "Animating Circles/Animating_Circles.entitlements";
				CODE_SIGN_STYLE = Automatic;
				CURRENT_PROJECT_VERSION = 1;
				DEVELOPMENT_ASSET_PATHS = "\"Animating Circles/Preview Content\"";
				DEVELOPMENT_TEAM = AK2T82WWSV;
				ENABLE_HARDENED_RUNTIME = YES;
				ENABLE_PREVIEWS = YES;
				GENERATE_INFOPLIST_FILE = YES;
				"INFOPLIST_KEY_UIApplicationSceneManifest_Generation[sdk=iphoneos*]" = YES;
				"INFOPLIST_KEY_UIApplicationSceneManifest_Generation[sdk=iphonesimulator*]" = YES;
				"INFOPLIST_KEY_UIApplicationSupportsIndirectInputEvents[sdk=iphoneos*]" = YES;
				"INFOPLIST_KEY_UIApplicationSupportsIndirectInputEvents[sdk=iphonesimulator*]" = YES;
				"INFOPLIST_KEY_UILaunchScreen_Generation[sdk=iphoneos*]" = YES;
				"INFOPLIST_KEY_UILaunchScreen_Generation[sdk=iphonesimulator*]" = YES;
				"INFOPLIST_KEY_UIStatusBarStyle[sdk=iphoneos*]" = UIStatusBarStyleDefault;
				"INFOPLIST_KEY_UIStatusBarStyle[sdk=iphonesimulator*]" = UIStatusBarStyleDefault;
				INFOPLIST_KEY_UISupportedInterfaceOrientations_iPad = "UIInterfaceOrientationPortrait UIInterfaceOrientationPortraitUpsideDown UIInterfaceOrientationLandscapeLeft UIInterfaceOrientationLandscapeRight";
				INFOPLIST_KEY_UISupportedInterfaceOrientations_iPhone = "UIInterfaceOrientationPortrait UIInterfaceOrientationLandscapeLeft UIInterfaceOrientationLandscapeRight";
				IPHONEOS_DEPLOYMENT_TARGET = 16.2;
				LD_RUNPATH_SEARCH_PATHS = "@executable_path/Frameworks";
				"LD_RUNPATH_SEARCH_PATHS[sdk=macosx*]" = "@executable_path/../Frameworks";
				MACOSX_DEPLOYMENT_TARGET = 13.1;
				MARKETING_VERSION = 1.0;
				PRODUCT_BUNDLE_IDENTIFIER = "aashish22bansal.Animating-Circles";
				PRODUCT_NAME = "$(TARGET_NAME)";
				SDKROOT = auto;
				SUPPORTED_PLATFORMS = "iphoneos iphonesimulator macosx";
				SWIFT_EMIT_LOC_STRINGS = YES;
				SWIFT_VERSION = 5.0;
				TARGETED_DEVICE_FAMILY = "1,2";
			};
			name = Debug;
		};
		17EC523A29AB39EF00B26B99 /* Release */ = {
			isa = XCBuildConfiguration;
			buildSettings = {
				ASSETCATALOG_COMPILER_APPICON_NAME = AppIcon;
				ASSETCATALOG_COMPILER_GLOBAL_ACCENT_COLOR_NAME = AccentColor;
				CODE_SIGN_ENTITLEMENTS = "Animating Circles/Animating_Circles.entitlements";
				CODE_SIGN_STYLE = Automatic;
				CURRENT_PROJECT_VERSION = 1;
				DEVELOPMENT_ASSET_PATHS = "\"Animating Circles/Preview Content\"";
				DEVELOPMENT_TEAM = AK2T82WWSV;
				ENABLE_HARDENED_RUNTIME = YES;
				ENABLE_PREVIEWS = YES;
				GENERATE_INFOPLIST_FILE = YES;
				"INFOPLIST_KEY_UIApplicationSceneManifest_Generation[sdk=iphoneos*]" = YES;
				"INFOPLIST_KEY_UIApplicationSceneManifest_Generation[sdk=iphonesimulator*]" = YES;
				"INFOPLIST_KEY_UIApplicationSupportsIndirectInputEvents[sdk=iphoneos*]" = YES;
				"INFOPLIST_KEY_UIApplicationSupportsIndirectInputEvents[sdk=iphonesimulator*]" = YES;
				"INFOPLIST_KEY_UILaunchScreen_Generation[sdk=iphoneos*]" = YES;
				"INFOPLIST_KEY_UILaunchScreen_Generation[sdk=iphonesimulator*]" = YES;
				"INFOPLIST_KEY_UIStatusBarStyle[sdk=iphoneos*]" = UIStatusBarStyleDefault;
				"INFOPLIST_KEY_UIStatusBarStyle[sdk=iphonesimulator*]" = UIStatusBarStyleDefault;
				INFOPLIST_KEY_UISupportedInterfaceOrientations_iPad = "UIInterfaceOrientationPortrait UIInterfaceOrientationPortraitUpsideDown UIInterfaceOrientationLandscapeLeft UIInterfaceOrientationLandscapeRight";
				INFOPLIST_KEY_UISupportedInterfaceOrientations_iPhone = "UIInterfaceOrientationPortrait UIInterfaceOrientationLandscapeLeft UIInterfaceOrientationLandscapeRight";
				IPHONEOS_DEPLOYMENT_TARGET = 16.2;
				LD_RUNPATH_SEARCH_PATHS = "@executable_path/Frameworks";
				"LD_RUNPATH_SEARCH_PATHS[sdk=macosx*]" = "@executable_path/../Frameworks";
				MACOSX_DEPLOYMENT_TARGET = 13.1;
				MARKETING_VERSION = 1.0;
				PRODUCT_BUNDLE_IDENTIFIER = "aashish22bansal.Animating-Circles";
				PRODUCT_NAME = "$(TARGET_NAME)";
				SDKROOT = auto;
				SUPPORTED_PLATFORMS = "iphoneos iphonesimulator macosx";
				SWIFT_EMIT_LOC_STRINGS = YES;
				SWIFT_VERSION = 5.0;
				TARGETED_DEVICE_FAMILY = "1,2";
			};
			name = Release;
		};
		17EC523C29AB39EF00B26B99 /* Debug */ = {
			isa = XCBuildConfiguration;
			buildSettings = {
				ALWAYS_EMBED_SWIFT_STANDARD_LIBRARIES = YES;
				BUNDLE_LOADER = "$(TEST_HOST)";
				CODE_SIGN_STYLE = Automatic;
				CURRENT_PROJECT_VERSION = 1;
				DEVELOPMENT_TEAM = AK2T82WWSV;
				GENERATE_INFOPLIST_FILE = YES;
				IPHONEOS_DEPLOYMENT_TARGET = 16.2;
				MACOSX_DEPLOYMENT_TARGET = 13.1;
				MARKETING_VERSION = 1.0;
				PRODUCT_BUNDLE_IDENTIFIER = "aashish22bansal.Animating-CirclesTests";
				PRODUCT_NAME = "$(TARGET_NAME)";
				SDKROOT = auto;
				SUPPORTED_PLATFORMS = "iphoneos iphonesimulator macosx";
				SWIFT_EMIT_LOC_STRINGS = NO;
				SWIFT_VERSION = 5.0;
				TARGETED_DEVICE_FAMILY = "1,2";
				TEST_HOST = "$(BUILT_PRODUCTS_DIR)/Animating Circles.app/$(BUNDLE_EXECUTABLE_FOLDER_PATH)/Animating Circles";
			};
			name = Debug;
		};
		17EC523D29AB39EF00B26B99 /* Release */ = {
			isa = XCBuildConfiguration;
			buildSettings = {
				ALWAYS_EMBED_SWIFT_STANDARD_LIBRARIES = YES;
				BUNDLE_LOADER = "$(TEST_HOST)";
				CODE_SIGN_STYLE = Automatic;
				CURRENT_PROJECT_VERSION = 1;
				DEVELOPMENT_TEAM = AK2T82WWSV;
				GENERATE_INFOPLIST_FILE = YES;
				IPHONEOS_DEPLOYMENT_TARGET = 16.2;
				MACOSX_DEPLOYMENT_TARGET = 13.1;
				MARKETING_VERSION = 1.0;
				PRODUCT_BUNDLE_IDENTIFIER = "aashish22bansal.Animating-CirclesTests";
				PRODUCT_NAME = "$(TARGET_NAME)";
				SDKROOT = auto;
				SUPPORTED_PLATFORMS = "iphoneos iphonesimulator macosx";
				SWIFT_EMIT_LOC_STRINGS = NO;
				SWIFT_VERSION = 5.0;
				TARGETED_DEVICE_FAMILY = "1,2";
				TEST_HOST = "$(BUILT_PRODUCTS_DIR)/Animating Circles.app/$(BUNDLE_EXECUTABLE_FOLDER_PATH)/Animating Circles";
			};
			name = Release;
		};
		17EC523F29AB39EF00B26B99 /* Debug */ = {
			isa = XCBuildConfiguration;
			buildSettings = {
				ALWAYS_EMBED_SWIFT_STANDARD_LIBRARIES = YES;
				CODE_SIGN_STYLE = Automatic;
				CURRENT_PROJECT_VERSION = 1;
				DEVELOPMENT_TEAM = AK2T82WWSV;
				GENERATE_INFOPLIST_FILE = YES;
				IPHONEOS_DEPLOYMENT_TARGET = 16.2;
				MACOSX_DEPLOYMENT_TARGET = 13.1;
				MARKETING_VERSION = 1.0;
				PRODUCT_BUNDLE_IDENTIFIER = "aashish22bansal.Animating-CirclesUITests";
				PRODUCT_NAME = "$(TARGET_NAME)";
				SDKROOT = auto;
				SUPPORTED_PLATFORMS = "iphoneos iphonesimulator macosx";
				SWIFT_EMIT_LOC_STRINGS = NO;
				SWIFT_VERSION = 5.0;
				TARGETED_DEVICE_FAMILY = "1,2";
				TEST_TARGET_NAME = "Animating Circles";
			};
			name = Debug;
		};
		17EC524029AB39EF00B26B99 /* Release */ = {
			isa = XCBuildConfiguration;
			buildSettings = {
				ALWAYS_EMBED_SWIFT_STANDARD_LIBRARIES = YES;
				CODE_SIGN_STYLE = Automatic;
				CURRENT_PROJECT_VERSION = 1;
				DEVELOPMENT_TEAM = AK2T82WWSV;
				GENERATE_INFOPLIST_FILE = YES;
				IPHONEOS_DEPLOYMENT_TARGET = 16.2;
				MACOSX_DEPLOYMENT_TARGET = 13.1;
				MARKETING_VERSION = 1.0;
				PRODUCT_BUNDLE_IDENTIFIER = "aashish22bansal.Animating-CirclesUITests";
				PRODUCT_NAME = "$(TARGET_NAME)";
				SDKROOT = auto;
				SUPPORTED_PLATFORMS = "iphoneos iphonesimulator macosx";
				SWIFT_EMIT_LOC_STRINGS = NO;
				SWIFT_VERSION = 5.0;
				TARGETED_DEVICE_FAMILY = "1,2";
				TEST_TARGET_NAME = "Animating Circles";
			};
			name = Release;
		};
/* End XCBuildConfiguration section */

/* Begin XCConfigurationList section */
		17EC520E29AB39EB00B26B99 /* Build configuration list for PBXProject "Animating Circles" */ = {
			isa = XCConfigurationList;
			buildConfigurations = (
				17EC523629AB39EF00B26B99 /* Debug */,
				17EC523729AB39EF00B26B99 /* Release */,
			);
			defaultConfigurationIsVisible = 0;
			defaultConfigurationName = Release;
		};
		17EC523829AB39EF00B26B99 /* Build configuration list for PBXNativeTarget "Animating Circles" */ = {
			isa = XCConfigurationList;
			buildConfigurations = (
				17EC523929AB39EF00B26B99 /* Debug */,
				17EC523A29AB39EF00B26B99 /* Release */,
			);
			defaultConfigurationIsVisible = 0;
			defaultConfigurationName = Release;
		};
		17EC523B29AB39EF00B26B99 /* Build configuration list for PBXNativeTarget "Animating CirclesTests" */ = {
			isa = XCConfigurationList;
			buildConfigurations = (
				17EC523C29AB39EF00B26B99 /* Debug */,
				17EC523D29AB39EF00B26B99 /* Release */,
			);
			defaultConfigurationIsVisible = 0;
			defaultConfigurationName = Release;
		};
		17EC523E29AB39EF00B26B99 /* Build configuration list for PBXNativeTarget "Animating CirclesUITests" */ = {
			isa = XCConfigurationList;
			buildConfigurations = (
				17EC523F29AB39EF00B26B99 /* Debug */,
				17EC524029AB39EF00B26B99 /* Release */,
			);
			defaultConfigurationIsVisible = 0;
			defaultConfigurationName = Release;
		};
/* End XCConfigurationList section */
	};
	rootObject = 17EC520B29AB39EB00B26B99 /* Project object */;
}
